
Microsoft Visual Studio Solution File, Format Version 12.00
# Visual Studio Version 17
VisualStudioVersion = 17.1.32414.318
MinimumVisualStudioVersion = 10.0.40219.1
Project("{FAE04EC0-301F-11D3-BF4B-00C04F79EFBC}") = "DynamicGridEdit", "DynamicGridEdit\DynamicGridEdit.csproj", "{BC833467-BF08-4075-BF72-172DD314EE47}"
EndProject
Global
	GlobalSection(SolutionConfigurationPlatforms) = preSolution
		Debug|Any CPU = Debug|Any CPU
		Release|Any CPU = Release|Any CPU
	EndGlobalSection
	GlobalSection(ProjectConfigurationPlatforms) = postSolution
		{BC833467-BF08-4075-BF72-172DD314EE47}.Debug|Any CPU.ActiveCfg = Debug|Any CPU
		{BC833467-BF08-4075-BF72-172DD314EE47}.Debug|Any CPU.Build.0 = Debug|Any CPU
		{BC833467-BF08-4075-BF72-172DD314EE47}.Release|Any CPU.ActiveCfg = Release|Any CPU
		{BC833467-BF08-4075-BF72-172DD314EE47}.Release|Any CPU.Build.0 = Release|Any CPU
	EndGlobalSection
	GlobalSection(SolutionProperties) = preSolution
		HideSolutionNode = FALSE
	EndGlobalSection
	GlobalSection(ExtensibilityGlobals) = postSolution
		SolutionGuid = {B3320340-C70E-49CE-82A6-5929DD32203B}
	EndGlobalSection
EndGlobal
